{
  "name": "yyc_video",
  "version": "1.0.0",
  "lockfileVersion": 1,
  "requires": true,
  "dependencies": {
    "crypto-js": {
      "version": "4.0.0"
    },
    "uview-ui": {
      "version": "1.8.2",
      "resolved": "https://registry.npmjs.org/uview-ui/-/uview-ui-1.8.2.tgz",
      "integrity": "sha512-6IfGC0ZzrgYhwloC57Ehg8pgStCg54WnjMGAN602AVOXBpxw14TwMDAVefKcw6LWJOLPNoh0zJAvWWX955YH8g=="
    },
    "vuex": {
      "version": "3.5.1"
    }
  }
}
